{
  "name": "air",
  "version": "1.0.0",
  "lockfileVersion": 3,
  "requires": true,
  "packages": {
    "": {
      "name": "air",
      "version": "1.0.0",
      "dependencies": {
        "@codemirror/lang-javascript": "^6.2.5",
        "@codemirror/lang-python": "^6.2.1",
        "@codemirror/legacy-modes": "^6.5.5",
        "@lezer/highlight": "^1.2.5",
        "codemirror": "^6.0.2",
        "codemirror-lang-elixir": "^4.0.1",
        "dagre": "^0.8.5",
        "grafana-date-picker": "^1.1.0",
        "phoenix": "file:../deps/phoenix",
        "phoenix_html": "file:../deps/phoenix_html",
        "phoenix_live_view": "file:../deps/phoenix_live_view"
      }
    },
    "../deps/phoenix": {
      "version": "1.8.15",
      "license": "MIT",
      "devDependencies": {
        "@babel/cli": "7.29.7",
        "@babel/core": "7.29.7",
        "@babel/preset-env": "7.29.7",
        "@eslint/js": "^10.0.1",
        "@stylistic/eslint-plugin": "^5.0.0",
        "documentation": "^14.0.3",
        "eslint": "10.4.1",
        "eslint-plugin-jest": "29.15.2",
        "jest": "^30.0.0",
        "jest-environment-jsdom": "^30.0.0",
        "jsdom": "^29.0.1",
        "mock-socket": "^9.3.1"
      }
    },
    "../deps/phoenix_html": {
      "version": "4.3.0"
    },
    "../deps/phoenix_live_view": {
      "version": "1.2.12",
      "license": "MIT",
      "devDependencies": {
        "@babel/cli": "8.0.4",
        "@babel/core": "8.0.1",
        "@babel/preset-env": "^8.0.2",
        "@babel/preset-typescript": "^8.0.1",
        "@eslint/js": "^10.0.1",
        "@playwright/test": "^1.62.0",
        "@types/jest": "^30.0.0",
        "@types/phoenix": "^1.6.7",
        "css.escape": "^1.5.1",
        "eslint": "^10.8.0",
        "eslint-plugin-jest": "^29.16.0",
        "eslint-plugin-playwright": "^2.11.0",
        "globals": "^17.8.0",
        "jest": "^30.4.2",
        "jest-environment-jsdom": "^30.4.1",
        "jest-monocart-coverage": "^1.1.1",
        "monocart-reporter": "^2.12.4",
        "morphdom": "github:SteffenDE/morphdom#main",
        "phoenix": "1.8.9",
        "prettier": "3.9.6",
        "typedoc": "^0.28.20",
        "typedoc-plugin-missing-exports": "^4.1.4",
        "typescript": "^6.0",
        "typescript-eslint": "^8.65.0"
      }
    },
    "node_modules/@codemirror/autocomplete": {
      "version": "6.20.3",
      "resolved": "https://registry.npmjs.org/@codemirror/autocomplete/-/autocomplete-6.20.3.tgz",
      "integrity": "sha512-tlosUqb+3BbxCxZdu4tKeRghPFC+QM7q4X5YhKV2eCmPG+1r2F3f4AaSz5sCrFqUtX4Jh20VFTKecl16MgiV9g==",
      "license": "MIT",
      "dependencies": {
        "@codemirror/language": "^6.0.0",
        "@codemirror/state": "^6.0.0",
        "@codemirror/view": "^6.17.0",
        "@lezer/common": "^1.0.0"
      }
    },
    "node_modules/@codemirror/commands": {
      "version": "6.11.1",
      "resolved": "https://registry.npmjs.org/@codemirror/commands/-/commands-6.11.1.tgz",
      "integrity": "sha512-O/4hG3SC1YwcmQ0d2UVNDs+AsaNWd1iHVxbTeEBuqH+6bExAiPK3iS/BvpY6rZGURALv4ZD3sIgcCmRvw3ehBg==",
      "license": "MIT",
      "dependencies": {
        "@codemirror/language": "^6.0.0",
        "@codemirror/state": "^6.7.0",
        "@codemirror/view": "^6.27.0",
        "@lezer/common": "^1.1.0"
      }
    },
    "node_modules/@codemirror/lang-javascript": {
      "version": "6.2.5",
      "resolved": "https://registry.npmjs.org/@codemirror/lang-javascript/-/lang-javascript-6.2.5.tgz",
      "integrity": "sha512-zD4e5mS+50htS7F+TYjBPsiIFGanfVqg4HyUz6WNFikgOPf2BgKlx+TQedI1w6n/IqRBVBbBWmGFdLB/7uxO4A==",
      "license": "MIT",
      "dependencies": {
        "@codemirror/autocomplete": "^6.0.0",
        "@codemirror/language": "^6.6.0",
        "@codemirror/lint": "^6.0.0",
        "@codemirror/state": "^6.0.0",
        "@codemirror/view": "^6.17.0",
        "@lezer/common": "^1.0.0",
        "@lezer/javascript": "^1.0.0"
      }
    },
    "node_modules/@codemirror/lang-python": {
      "version": "6.2.1",
      "resolved": "https://registry.npmjs.org/@codemirror/lang-python/-/lang-python-6.2.1.tgz",
      "integrity": "sha512-IRjC8RUBhn9mGR9ywecNhB51yePWCGgvHfY1lWN/Mrp3cKuHr0isDKia+9HnvhiWNnMpbGhWrkhuWOc09exRyw==",
      "license": "MIT",
      "dependencies": {
        "@codemirror/autocomplete": "^6.3.2",
        "@codemirror/language": "^6.8.0",
        "@codemirror/state": "^6.0.0",
        "@lezer/common": "^1.2.1",
        "@lezer/python": "^1.1.4"
      }
    },
    "node_modules/@codemirror/language": {
      "version": "6.13.1",
      "resolved": "https://registry.npmjs.org/@codemirror/language/-/language-6.13.1.tgz",
      "integrity": "sha512-zfvU2r3TyylQLMj/te+5CnQ0rSqZi8B1oTCBbQkagcLW4Xc6imab6qN+pEJhsuNOLaJqiRyBXp9UhWA1DhVvDw==",
      "license": "MIT",
      "dependencies": {
        "@codemirror/state": "^6.0.0",
        "@codemirror/streamparser": "^6.0.0",
        "@codemirror/view": "^6.23.0",
        "@lezer/common": "^1.5.0",
        "@lezer/highlight": "^1.0.0",
        "@lezer/lr": "^1.0.0",
        "style-mod": "^4.0.0"
      }
    },
    "node_modules/@codemirror/legacy-modes": {
      "version": "6.5.5",
      "resolved": "https://registry.npmjs.org/@codemirror/legacy-modes/-/legacy-modes-6.5.5.tgz",
      "integrity": "sha512-9ltT214oMb3Y1w5eAZMSigzrjzZnMI2Wa3Feq73rU/i4C56MkwrpfswfQYOr28C5pXr6dWwspNTMyeHXlzWMxg==",
      "license": "MIT",
      "dependencies": {
        "@codemirror/streamparser": "^6.0.0"
      }
    },
    "node_modules/@codemirror/lint": {
      "version": "6.9.7",
      "resolved": "https://registry.npmjs.org/@codemirror/lint/-/lint-6.9.7.tgz",
      "integrity": "sha512-28/+iWLYxKxsvGYhSYL7zaCZqLz5+FFFDq9tVsvGv9kv8RY4fFAchJ5WX9M3YrrRlTIsECjsXPqeNgnSmNP2dg==",
      "license": "MIT",
      "dependencies": {
        "@codemirror/state": "^6.0.0",
        "@codemirror/view": "^6.42.0",
        "crelt": "^1.0.5"
      }
    },
    "node_modules/@codemirror/search": {
      "version": "6.7.2",
      "resolved": "https://registry.npmjs.org/@codemirror/search/-/search-6.7.2.tgz",
      "integrity": "sha512-gUYkYhT2+n/+VGZ+8EzE5WFkYZUZYm1VOKDudIsNqh42uRVQJ0a6Yss9sdKT3MeOYfuL1N6AZA57oza0Oyr0LA==",
      "license": "MIT",
      "dependencies": {
        "@codemirror/state": "^6.0.0",
        "@codemirror/view": "^6.37.0",
        "crelt": "^1.0.5"
      }
    },
    "node_modules/@codemirror/state": {
      "version": "6.7.6",
      "resolved": "https://registry.npmjs.org/@codemirror/state/-/state-6.7.6.tgz",
      "integrity": "sha512-kAz+AncRtKuIknedxT1bq4XwXv4UowhbkHU1myPrtVb/jZtImWuV5BXzv5vK6i3kYACsdiZiQKFQQ5Mq7elW8w==",
      "license": "MIT",
      "dependencies": {
        "@marijn/find-cluster-break": "^1.0.0"
      }
    },
    "node_modules/@codemirror/streamparser": {
      "version": "6.0.0",
      "resolved": "https://registry.npmjs.org/@codemirror/streamparser/-/streamparser-6.0.0.tgz",
      "integrity": "sha512-JTFPF6xrfjt0mnfGPgzcLiMwYmvIyNaoizp8BYzv8FE8KrT6GBGDZ190rtt+O7Wke3gG/MFHyiY9YGNeimof4w==",
      "license": "MIT"
    },
    "node_modules/@codemirror/view": {
      "version": "6.43.14",
      "resolved": "https://registry.npmjs.org/@codemirror/view/-/view-6.43.14.tgz",
      "integrity": "sha512-hC45YnmJNR1rz42OF57BLoQNFMV12/13drnvibDsR2quNDmldcb4WvYVV81hFQg56i9lcqQMEDqilhX2QDcGQQ==",
      "license": "MIT",
      "dependencies": {
        "@codemirror/state": "^6.7.0",
        "crelt": "^1.0.6",
        "style-mod": "^4.1.0",
        "w3c-keyname": "^2.2.4"
      }
    },
    "node_modules/@lezer/common": {
      "version": "1.5.3",
      "resolved": "https://registry.npmjs.org/@lezer/common/-/common-1.5.3.tgz",
      "integrity": "sha512-H0iErY4e43LpXbYDyBci5W4v/RwTgGV3YzYOlJPiGZ8RY8w51kVE+xLn1tg3Z6UmSfyETvtsUK3r7YsgDQEI7Q==",
      "license": "MIT"
    },
    "node_modules/@lezer/highlight": {
      "version": "1.2.5",
      "resolved": "https://registry.npmjs.org/@lezer/highlight/-/highlight-1.2.5.tgz",
      "integrity": "sha512-O1GMVKgtf5YspFaRzpmqkVgMtIk2HG9uMAbH6wdAIdNh3TVzCsch/+cRi+6l2//UGDKe6NB9BW3cvuR5ezMQ0w==",
      "license": "MIT",
      "dependencies": {
        "@lezer/common": "^1.3.0"
      }
    },
    "node_modules/@lezer/javascript": {
      "version": "1.5.6",
      "resolved": "https://registry.npmjs.org/@lezer/javascript/-/javascript-1.5.6.tgz",
      "integrity": "sha512-sEvOqpl4vJQca0NugSQK02vQPbc5KrvoojnYGoqqFgFO0MtcYhwGiHKVEB+LuXYJnfyXo4QPA8ztbrEa4Fw5NA==",
      "license": "MIT",
      "dependencies": {
        "@lezer/common": "^1.2.0",
        "@lezer/highlight": "^1.1.3",
        "@lezer/lr": "^1.3.0"
      }
    },
    "node_modules/@lezer/lr": {
      "version": "1.4.11",
      "resolved": "https://registry.npmjs.org/@lezer/lr/-/lr-1.4.11.tgz",
      "integrity": "sha512-UwgZcl1R66H2hDzBrA7kWyYmX6s8p5TQ+e/t7CuvgCtBEPxbEPaHYHu+pJBvTvDotEJpuQkJjbXuHiw5Cixxgw==",
      "license": "MIT",
      "dependencies": {
        "@lezer/common": "^1.0.0"
      }
    },
    "node_modules/@lezer/python": {
      "version": "1.1.19",
      "resolved": "https://registry.npmjs.org/@lezer/python/-/python-1.1.19.tgz",
      "integrity": "sha512-MhQIURHRytsNzP/YXnqpYKW6la6voAH3kyplTOOiCdjyFY6cWWGFVmYVdHIPrElqSDf4iCDktQCockB9FxuhzQ==",
      "license": "MIT",
      "dependencies": {
        "@lezer/common": "^1.2.0",
        "@lezer/highlight": "^1.0.0",
        "@lezer/lr": "^1.0.0"
      }
    },
    "node_modules/@marijn/find-cluster-break": {
      "version": "1.0.4",
      "resolved": "https://registry.npmjs.org/@marijn/find-cluster-break/-/find-cluster-break-1.0.4.tgz",
      "integrity": "sha512-Wy0V7+SGUjnF9/TkiM1hKVDPj7jKXduPNboMVtHTA8dySMURWqfg/JZ9E2Sq8JgSJmkl7k7Qe9FLeMSrSraWmQ==",
      "license": "MIT"
    },
    "node_modules/codemirror": {
      "version": "6.0.2",
      "resolved": "https://registry.npmjs.org/codemirror/-/codemirror-6.0.2.tgz",
      "integrity": "sha512-VhydHotNW5w1UGK0Qj96BwSk/Zqbp9WbnyK2W/eVMv4QyF41INRGpjUhFJY7/uDNuudSc33a/PKr4iDqRduvHw==",
      "license": "MIT",
      "dependencies": {
        "@codemirror/autocomplete": "^6.0.0",
        "@codemirror/commands": "^6.0.0",
        "@codemirror/language": "^6.0.0",
        "@codemirror/lint": "^6.0.0",
        "@codemirror/search": "^6.0.0",
        "@codemirror/state": "^6.0.0",
        "@codemirror/view": "^6.0.0"
      }
    },
    "node_modules/codemirror-lang-elixir": {
      "version": "4.0.1",
      "resolved": "https://registry.npmjs.org/codemirror-lang-elixir/-/codemirror-lang-elixir-4.0.1.tgz",
      "integrity": "sha512-z6W/XB4b7TZrp9EZYBGVq93vQfvKbff+1iM8YZaVErL0dguBAeLmVRlEv1NuDZHOP1qjJ3NwyibkUkNWn7q9VQ==",
      "license": "Apache-2.0",
      "dependencies": {
        "@codemirror/language": "^6.0.0",
        "lezer-elixir": "^1.0.0"
      }
    },
    "node_modules/crelt": {
      "version": "1.0.7",
      "resolved": "https://registry.npmjs.org/crelt/-/crelt-1.0.7.tgz",
      "integrity": "sha512-aK6BbWfhf4U/wCcLHKPJl/xa6VkVstRaPywWtMKGwuOLc/wZTyQYuoxgvZnNsBvv7Kg3YTBQYYBCggcviQczuA==",
      "license": "MIT"
    },
    "node_modules/dagre": {
      "version": "0.8.5",
      "resolved": "https://registry.npmjs.org/dagre/-/dagre-0.8.5.tgz",
      "integrity": "sha512-/aTqmnRta7x7MCCpExk7HQL2O4owCT2h8NT//9I1OQ9vt29Pa0BzSAkR5lwFUcQ7491yVi/3CXU9jQ5o0Mn2Sw==",
      "license": "MIT",
      "dependencies": {
        "graphlib": "^2.1.8",
        "lodash": "^4.17.15"
      }
    },
    "node_modules/dayjs": {
      "version": "1.11.23",
      "resolved": "https://registry.npmjs.org/dayjs/-/dayjs-1.11.23.tgz",
      "integrity": "sha512-QDTCU0M0MxR3hQfnlDJfwekQiaanm1ubOD231u73WBckQ/fsamwRLiE2GBz6D3a/xF1NgfiDLJjXBa1hYOYTtQ==",
      "license": "MIT"
    },
    "node_modules/grafana-date-picker": {
      "version": "1.1.0",
      "resolved": "https://registry.npmjs.org/grafana-date-picker/-/grafana-date-picker-1.1.0.tgz",
      "integrity": "sha512-r6pdVqia4sMBdOlqKfKN9JWNw6TKNV3dNkuD+1DuW7Us4mhc7vW1vgT2t8dli2zgVuIjMyUE92eLMPjgLCIVVw==",
      "license": "MIT",
      "dependencies": {
        "dayjs": "^1.11.20",
        "lucide-react": "^1.14.0"
      },
      "peerDependencies": {
        "react": ">=16.8.0",
        "react-dom": ">=16.8.0"
      },
      "peerDependenciesMeta": {
        "react": {
          "optional": false
        },
        "react-dom": {
          "optional": false
        }
      }
    },
    "node_modules/graphlib": {
      "version": "2.1.8",
      "resolved": "https://registry.npmjs.org/graphlib/-/graphlib-2.1.8.tgz",
      "integrity": "sha512-jcLLfkpoVGmH7/InMC/1hIvOPSUh38oJtGhvrOFGzioE1DZ+0YW16RgmOJhHiuWTvGiJQ9Z1Ik43JvkRPRvE+A==",
      "license": "MIT",
      "dependencies": {
        "lodash": "^4.17.15"
      }
    },
    "node_modules/lezer-elixir": {
      "version": "1.1.3",
      "resolved": "https://registry.npmjs.org/lezer-elixir/-/lezer-elixir-1.1.3.tgz",
      "integrity": "sha512-Ymc58/WhxdZS9yEOlnKbF3rdeBdFcPm4OEm26KMqA1Za9vztXi7I5qwGw1KxYmm3Nv0iDHq//EQyBwSEzKG9Mg==",
      "license": "Apache-2.0",
      "dependencies": {
        "@lezer/highlight": "^1.2.0",
        "@lezer/lr": "^1.3.0"
      }
    },
    "node_modules/lodash": {
      "version": "4.18.1",
      "resolved": "https://registry.npmjs.org/lodash/-/lodash-4.18.1.tgz",
      "integrity": "sha512-dMInicTPVE8d1e5otfwmmjlxkZoUpiVLwyeTdUsi/Caj/gfzzblBcCE5sRHV/AsjuCmxWrte2TNGSYuCeCq+0Q==",
      "license": "MIT"
    },
    "node_modules/lucide-react": {
      "version": "1.53.0",
      "resolved": "https://registry.npmjs.org/lucide-react/-/lucide-react-1.53.0.tgz",
      "integrity": "sha512-OxJ7elNku+iqVzOolk5caxq2LM8Mck6lhA6uZx3g2PlZ53+FvBnT6PlJxGCukCa6oF5wQwgSatn9cH1b4olWmQ==",
      "license": "ISC",
      "peerDependencies": {
        "@types/react": "*",
        "react": "^16.5.1 || ^17.0.0 || ^18.0.0 || ^19.0.0"
      },
      "peerDependenciesMeta": {
        "@types/react": {
          "optional": true
        }
      }
    },
    "node_modules/phoenix": {
      "resolved": "../deps/phoenix",
      "link": true
    },
    "node_modules/phoenix_html": {
      "resolved": "../deps/phoenix_html",
      "link": true
    },
    "node_modules/phoenix_live_view": {
      "resolved": "../deps/phoenix_live_view",
      "link": true
    },
    "node_modules/react": {
      "version": "19.3.0",
      "resolved": "https://registry.npmjs.org/react/-/react-19.3.0.tgz",
      "integrity": "sha512-E8LUcbtBWt20bbl2YoHfx4ZDBdxVTfOKtCZn9cDSJ4l6/nuoApcpIBcj47t2wZoVX8g2ZHuMHbiShgCR1T5Sog==",
      "license": "MIT",
      "peer": true,
      "engines": {
        "node": ">=0.10.0"
      }
    },
    "node_modules/react-dom": {
      "version": "19.3.0",
      "resolved": "https://registry.npmjs.org/react-dom/-/react-dom-19.3.0.tgz",
      "integrity": "sha512-JDk8dgif51OjFoDE70+OT9ICyYr+69HlmihNwp1+Nsfbna3t5sIiCa9ZJktDmQ4/1b/rn26hIAR2uYXDMr5r0Q==",
      "license": "MIT",
      "peer": true,
      "dependencies": {
        "scheduler": "^0.28.0"
      },
      "peerDependencies": {
        "react": "^19.3.0"
      }
    },
    "node_modules/scheduler": {
      "version": "0.28.0",
      "resolved": "https://registry.npmjs.org/scheduler/-/scheduler-0.28.0.tgz",
      "integrity": "sha512-juorfCmIkIw8tT+p5BXSm6PJjQF/ycEYmKyzURCIt/RaZIhL+PulbQ9Yu2z1HdOJDdqDTlxA1+xKBmHXJsczAw==",
      "license": "MIT",
      "peer": true
    },
    "node_modules/style-mod": {
      "version": "4.1.4",
      "resolved": "https://registry.npmjs.org/style-mod/-/style-mod-4.1.4.tgz",
      "integrity": "sha512-XXWIQt633/EpAFx8aZDOTjBzrCaGmhvEQlQo6MVPfa2OzO2cWo+4hV9h+6UkHYlXGfy+ODXKUdP7Pthmcu5ATw==",
      "license": "MIT"
    },
    "node_modules/w3c-keyname": {
      "version": "2.2.8",
      "resolved": "https://registry.npmjs.org/w3c-keyname/-/w3c-keyname-2.2.8.tgz",
      "integrity": "sha512-dpojBhNsCNN7T82Tm7k26A6G9ML3NkhDsnw9n/eoxSRlVBB4CEtIQ/KTCLI2Fwf3ataSXRhYFkQi3SlnFwPvPQ==",
      "license": "MIT"
    }
  }
}
